// !$*UTF8*$!
{
	archiveVersion = 1;
	classes = {
	};
	objectVersion = 56;
	objects = {

/* Begin PBXBuildFile section */
		120F3DF22A3ABF2C007EAAB0 /* KWDC2023App.swift in Sources */ = {isa = PBXBuildFile; fileRef = 120F3DF12A3ABF2C007EAAB0 /* KWDC2023App.swift */; };
		120F3DF42A3ABF2C007EAAB0 /* SectionListView.swift in Sources */ = {isa = PBXBuildFile; fileRef = 120F3DF32A3ABF2C007EAAB0 /* SectionListView.swift */; };
		120F3DF62A3ABF2D007EAAB0 /* Assets.xcassets in Resources */ = {isa = PBXBuildFile; fileRef = 120F3DF52A3ABF2D007EAAB0 /* Assets.xcassets */; };
		120F3DF92A3ABF2D007EAAB0 /* Preview Assets.xcassets in Resources */ = {isa = PBXBuildFile; fileRef = 120F3DF82A3ABF2D007EAAB0 /* Preview Assets.xcassets */; };
		123EC9B32A3EA19000ED103D /* TransactionView.swift in Sources */ = {isa = PBXBuildFile; fileRef = 123EC9B22A3EA19000ED103D /* TransactionView.swift */; };
		123EC9B52A3FCFE600ED103D /* PhaseAnimatorView.swift in Sources */ = {isa = PBXBuildFile; fileRef = 123EC9B42A3FCFE600ED103D /* PhaseAnimatorView.swift */; };
		123EC9B72A3FD00300ED103D /* KeyframeAnimatorView.swift in Sources */ = {isa = PBXBuildFile; fileRef = 123EC9B62A3FD00300ED103D /* KeyframeAnimatorView.swift */; };
		1257CD292A3D46570072059E /* CustomAnimationView.swift in Sources */ = {isa = PBXBuildFile; fileRef = 1257CD282A3D46570072059E /* CustomAnimationView.swift */; };
		1285F1B72A3AF5000011220B /* RenderingView.swift in Sources */ = {isa = PBXBuildFile; fileRef = 1285F1B62A3AF5000011220B /* RenderingView.swift */; };
		1285F1B92A3B05B00011220B /* RenderingWithAnimationView.swift in Sources */ = {isa = PBXBuildFile; fileRef = 1285F1B82A3B05B00011220B /* RenderingWithAnimationView.swift */; };
		1285F1BB2A3B1E8A0011220B /* AnimatableView.swift in Sources */ = {isa = PBXBuildFile; fileRef = 1285F1BA2A3B1E8A0011220B /* AnimatableView.swift */; };
		12F5E7EE2A3C0BCA0011806D /* TimingCurveAnimationView.swift in Sources */ = {isa = PBXBuildFile; fileRef = 12F5E7ED2A3C0BCA0011806D /* TimingCurveAnimationView.swift */; };
		12F5E7F02A3C0C830011806D /* SpringAnimationView.swift in Sources */ = {isa = PBXBuildFile; fileRef = 12F5E7EF2A3C0C830011806D /* SpringAnimationView.swift */; };
		12F5E7F22A3C0C960011806D /* HigherOrderAnimationView.swift in Sources */ = {isa = PBXBuildFile; fileRef = 12F5E7F12A3C0C960011806D /* HigherOrderAnimationView.swift */; };
/* End PBXBuildFile section */

/* Begin PBXFileReference section */
		120F3DEE2A3ABF2C007EAAB0 /* KWDC2023.app */ = {isa = PBXFileReference; explicitFileType = wrapper.application; includeInIndex = 0; path = KWDC2023.app; sourceTree = BUILT_PRODUCTS_DIR; };
		120F3DF12A3ABF2C007EAAB0 /* KWDC2023App.swift */ = {isa = PBXFileReference; lastKnownFileType = sourcecode.swift; path = KWDC2023App.swift; sourceTree = "<group>"; };
		120F3DF32A3ABF2C007EAAB0 /* SectionListView.swift */ = {isa = PBXFileReference; lastKnownFileType = sourcecode.swift; path = SectionListView.swift; sourceTree = "<group>"; };
		120F3DF52A3ABF2D007EAAB0 /* Assets.xcassets */ = {isa = PBXFileReference; lastKnownFileType = folder.assetcatalog; path = Assets.xcassets; sourceTree = "<group>"; };
		120F3DF82A3ABF2D007EAAB0 /* Preview Assets.xcassets */ = {isa = PBXFileReference; lastKnownFileType = folder.assetcatalog; path = "Preview Assets.xcassets"; sourceTree = "<group>"; };
		123EC9B22A3EA19000ED103D /* TransactionView.swift */ = {isa = PBXFileReference; lastKnownFileType = sourcecode.swift; path = TransactionView.swift; sourceTree = "<group>"; };
		123EC9B42A3FCFE600ED103D /* PhaseAnimatorView.swift */ = {isa = PBXFileReference; lastKnownFileType = sourcecode.swift; path = PhaseAnimatorView.swift; sourceTree = "<group>"; };
		123EC9B62A3FD00300ED103D /* KeyframeAnimatorView.swift */ = {isa = PBXFileReference; lastKnownFileType = sourcecode.swift; path = KeyframeAnimatorView.swift; sourceTree = "<group>"; };
		1257CD282A3D46570072059E /* CustomAnimationView.swift */ = {isa = PBXFileReference; lastKnownFileType = sourcecode.swift; path = CustomAnimationView.swift; sourceTree = "<group>"; };
		1285F1B62A3AF5000011220B /* RenderingView.swift */ = {isa = PBXFileReference; lastKnownFileType = sourcecode.swift; path = RenderingView.swift; sourceTree = "<group>"; };
		1285F1B82A3B05B00011220B /* RenderingWithAnimationView.swift */ = {isa = PBXFileReference; lastKnownFileType = sourcecode.swift; path = RenderingWithAnimationView.swift; sourceTree = "<group>"; };
		1285F1BA2A3B1E8A0011220B /* AnimatableView.swift */ = {isa = PBXFileReference; lastKnownFileType = sourcecode.swift; path = AnimatableView.swift; sourceTree = "<group>"; };
		12F5E7ED2A3C0BCA0011806D /* TimingCurveAnimationView.swift */ = {isa = PBXFileReference; lastKnownFileType = sourcecode.swift; path = TimingCurveAnimationView.swift; sourceTree = "<group>"; };
		12F5E7EF2A3C0C830011806D /* SpringAnimationView.swift */ = {isa = PBXFileReference; lastKnownFileType = sourcecode.swift; path = SpringAnimationView.swift; sourceTree = "<group>"; };
		12F5E7F12A3C0C960011806D /* HigherOrderAnimationView.swift */ = {isa = PBXFileReference; lastKnownFileType = sourcecode.swift; path = HigherOrderAnimationView.swift; sourceTree = "<group>"; };
/* End PBXFileReference section */

/* Begin PBXFrameworksBuildPhase section */
		120F3DEB2A3ABF2C007EAAB0 /* Frameworks */ = {
			isa = PBXFrameworksBuildPhase;
			buildActionMask = 2147483647;
			files = (
			);
			runOnlyForDeploymentPostprocessing = 0;
		};
/* End PBXFrameworksBuildPhase section */

/* Begin PBXGroup section */
		120F3DE52A3ABF2C007EAAB0 = {
			isa = PBXGroup;
			children = (
				120F3DF02A3ABF2C007EAAB0 /* KWDC2023 */,
				120F3DEF2A3ABF2C007EAAB0 /* Products */,
			);
			sourceTree = "<group>";
		};
		120F3DEF2A3ABF2C007EAAB0 /* Products */ = {
			isa = PBXGroup;
			children = (
				120F3DEE2A3ABF2C007EAAB0 /* KWDC2023.app */,
			);
			name = Products;
			sourceTree = "<group>";
		};
		120F3DF02A3ABF2C007EAAB0 /* KWDC2023 */ = {
			isa = PBXGroup;
			children = (
				120F3DF12A3ABF2C007EAAB0 /* KWDC2023App.swift */,
				120F3DF32A3ABF2C007EAAB0 /* SectionListView.swift */,
				1285F1B52A3AF4E10011220B /* Section */,
				120F3DF52A3ABF2D007EAAB0 /* Assets.xcassets */,
				120F3DF72A3ABF2D007EAAB0 /* Preview Content */,
			);
			path = KWDC2023;
			sourceTree = "<group>";
		};
		120F3DF72A3ABF2D007EAAB0 /* Preview Content */ = {
			isa = PBXGroup;
			children = (
				120F3DF82A3ABF2D007EAAB0 /* Preview Assets.xcassets */,
			);
			path = "Preview Content";
			sourceTree = "<group>";
		};
		123EC9B82A3FD16800ED103D /* Rendering */ = {
			isa = PBXGroup;
			children = (
				1285F1B62A3AF5000011220B /* RenderingView.swift */,
				1285F1B82A3B05B00011220B /* RenderingWithAnimationView.swift */,
			);
			path = Rendering;
			sourceTree = "<group>";
		};
		123EC9B92A3FD17300ED103D /* Animatable */ = {
			isa = PBXGroup;
			children = (
				1285F1BA2A3B1E8A0011220B /* AnimatableView.swift */,
			);
			path = Animatable;
			sourceTree = "<group>";
		};
		123EC9BA2A3FD17900ED103D /* Animation */ = {
			isa = PBXGroup;
			children = (
				12F5E7ED2A3C0BCA0011806D /* TimingCurveAnimationView.swift */,
				12F5E7EF2A3C0C830011806D /* SpringAnimationView.swift */,
				12F5E7F12A3C0C960011806D /* HigherOrderAnimationView.swift */,
				1257CD282A3D46570072059E /* CustomAnimationView.swift */,
			);
			path = Animation;
			sourceTree = "<group>";
		};
		123EC9BB2A3FD18C00ED103D /* Transaction */ = {
			isa = PBXGroup;
			children = (
				123EC9B22A3EA19000ED103D /* TransactionView.swift */,
			);
			path = Transaction;
			sourceTree = "<group>";
		};
		123EC9BC2A3FD19800ED103D /* PhaseAnimator */ = {
			isa = PBXGroup;
			children = (
				123EC9B42A3FCFE600ED103D /* PhaseAnimatorView.swift */,
			);
			path = PhaseAnimator;
			sourceTree = "<group>";
		};
		123EC9BD2A3FD1A000ED103D /* KeyframeAnimator */ = {
			isa = PBXGroup;
			children = (
				123EC9B62A3FD00300ED103D /* KeyframeAnimatorView.swift */,
			);
			path = KeyframeAnimator;
			sourceTree = "<group>";
		};
		1285F1B52A3AF4E10011220B /* Section */ = {
			isa = PBXGroup;
			children = (
				123EC9B82A3FD16800ED103D /* Rendering */,
				123EC9B92A3FD17300ED103D /* Animatable */,
				123EC9BA2A3FD17900ED103D /* Animation */,
				123EC9BB2A3FD18C00ED103D /* Transaction */,
				123EC9BC2A3FD19800ED103D /* PhaseAnimator */,
				123EC9BD2A3FD1A000ED103D /* KeyframeAnimator */,
			);
			path = Section;
			sourceTree = "<group>";
		};
/* End PBXGroup section */

/* Begin PBXNativeTarget section */
		120F3DED2A3ABF2C007EAAB0 /* KWDC2023 */ = {
			isa = PBXNativeTarget;
			buildConfigurationList = 120F3DFC2A3ABF2D007EAAB0 /* Build configuration list for PBXNativeTarget "KWDC2023" */;
			buildPhases = (
				120F3DEA2A3ABF2C007EAAB0 /* Sources */,
				120F3DEB2A3ABF2C007EAAB0 /* Frameworks */,
				120F3DEC2A3ABF2C007EAAB0 /* Resources */,
			);
			buildRules = (
			);
			dependencies = (
			);
			name = KWDC2023;
			productName = KWDC2023;
			productReference = 120F3DEE2A3ABF2C007EAAB0 /* KWDC2023.app */;
			productType = "com.apple.product-type.application";
		};
/* End PBXNativeTarget section */

/* Begin PBXProject section */
		120F3DE62A3ABF2C007EAAB0 /* Project object */ = {
			isa = PBXProject;
			attributes = {
				BuildIndependentTargetsInParallel = 1;
				LastSwiftUpdateCheck = 1500;
				LastUpgradeCheck = 1500;
				TargetAttributes = {
					120F3DED2A3ABF2C007EAAB0 = {
						CreatedOnToolsVersion = 15.0;
					};
				};
			};
			buildConfigurationList = 120F3DE92A3ABF2C007EAAB0 /* Build configuration list for PBXProject "KWDC2023" */;
			compatibilityVersion = "Xcode 14.0";
			developmentRegion = en;
			hasScannedForEncodings = 0;
			knownRegions = (
				en,
				Base,
			);
			mainGroup = 120F3DE52A3ABF2C007EAAB0;
			productRefGroup = 120F3DEF2A3ABF2C007EAAB0 /* Products */;
			projectDirPath = "";
			projectRoot = "";
			targets = (
				120F3DED2A3ABF2C007EAAB0 /* KWDC2023 */,
			);
		};
/* End PBXProject section */

/* Begin PBXResourcesBuildPhase section */
		120F3DEC2A3ABF2C007EAAB0 /* Resources */ = {
			isa = PBXResourcesBuildPhase;
			buildActionMask = 2147483647;
			files = (
				120F3DF92A3ABF2D007EAAB0 /* Preview Assets.xcassets in Resources */,
				120F3DF62A3ABF2D007EAAB0 /* Assets.xcassets in Resources */,
			);
			runOnlyForDeploymentPostprocessing = 0;
		};
/* End PBXResourcesBuildPhase section */

/* Begin PBXSourcesBuildPhase section */
		120F3DEA2A3ABF2C007EAAB0 /* Sources */ = {
			isa = PBXSourcesBuildPhase;
			buildActionMask = 2147483647;
			files = (
				1285F1B92A3B05B00011220B /* RenderingWithAnimationView.swift in Sources */,
				120F3DF42A3ABF2C007EAAB0 /* SectionListView.swift in Sources */,
				1257CD292A3D46570072059E /* CustomAnimationView.swift in Sources */,
				123EC9B32A3EA19000ED103D /* TransactionView.swift in Sources */,
				12F5E7F02A3C0C830011806D /* SpringAnimationView.swift in Sources */,
				120F3DF22A3ABF2C007EAAB0 /* KWDC2023App.swift in Sources */,
				123EC9B52A3FCFE600ED103D /* PhaseAnimatorView.swift in Sources */,
				123EC9B72A3FD00300ED103D /* KeyframeAnimatorView.swift in Sources */,
				12F5E7EE2A3C0BCA0011806D /* TimingCurveAnimationView.swift in Sources */,
				1285F1B72A3AF5000011220B /* RenderingView.swift in Sources */,
				1285F1BB2A3B1E8A0011220B /* AnimatableView.swift in Sources */,
				12F5E7F22A3C0C960011806D /* HigherOrderAnimationView.swift in Sources */,
			);
			runOnlyForDeploymentPostprocessing = 0;
		};
/* End PBXSourcesBuildPhase section */

/* Begin XCBuildConfiguration section */
		120F3DFA2A3ABF2D007EAAB0 /* Debug */ = {
			isa = XCBuildConfiguration;
			buildSettings = {
				ALWAYS_SEARCH_USER_PATHS = NO;
				ASSETCATALOG_COMPILER_GENERATE_SWIFT_ASSET_SYMBOL_EXTENSIONS = YES;
				CLANG_ANALYZER_NONNULL = YES;
				CLANG_ANALYZER_NUMBER_OBJECT_CONVERSION = YES_AGGRESSIVE;
				CLANG_CXX_LANGUAGE_STANDARD = "gnu++20";
				CLANG_ENABLE_MODULES = YES;
				CLANG_ENABLE_OBJC_ARC = YES;
				CLANG_ENABLE_OBJC_WEAK = YES;
				CLANG_WARN_BLOCK_CAPTURE_AUTORELEASING = YES;
				CLANG_WARN_BOOL_CONVERSION = YES;
				CLANG_WARN_COMMA = YES;
				CLANG_WARN_CONSTANT_CONVERSION = YES;
				CLANG_WARN_DEPRECATED_OBJC_IMPLEMENTATIONS = YES;
				CLANG_WARN_DIRECT_OBJC_ISA_USAGE = YES_ERROR;
				CLANG_WARN_DOCUMENTATION_COMMENTS = YES;
				CLANG_WARN_EMPTY_BODY = YES;
				CLANG_WARN_ENUM_CONVERSION = YES;
				CLANG_WARN_INFINITE_RECURSION = YES;
				CLANG_WARN_INT_CONVERSION = YES;
				CLANG_WARN_NON_LITERAL_NULL_CONVERSION = YES;
				CLANG_WARN_OBJC_IMPLICIT_RETAIN_SELF = YES;
				CLANG_WARN_OBJC_LITERAL_CONVERSION = YES;
				CLANG_WARN_OBJC_ROOT_CLASS = YES_ERROR;
				CLANG_WARN_QUOTED_INCLUDE_IN_FRAMEWORK_HEADER = YES;
				CLANG_WARN_RANGE_LOOP_ANALYSIS = YES;
				CLANG_WARN_STRICT_PROTOTYPES = YES;
				CLANG_WARN_SUSPICIOUS_MOVE = YES;
				CLANG_WARN_UNGUARDED_AVAILABILITY = YES_AGGRESSIVE;
				CLANG_WARN_UNREACHABLE_CODE = YES;
				CLANG_WARN__DUPLICATE_METHOD_MATCH = YES;
				COPY_PHASE_STRIP = NO;
				DEBUG_INFORMATION_FORMAT = dwarf;
				ENABLE_STRICT_OBJC_MSGSEND = YES;
				ENABLE_TESTABILITY = YES;
				ENABLE_USER_SCRIPT_SANDBOXING = YES;
				GCC_C_LANGUAGE_STANDARD = gnu17;
				GCC_DYNAMIC_NO_PIC = NO;
				GCC_NO_COMMON_BLOCKS = YES;
				GCC_OPTIMIZATION_LEVEL = 0;
				GCC_PREPROCESSOR_DEFINITIONS = (
					"DEBUG=1",
					"$(inherited)",
				);
				GCC_WARN_64_TO_32_BIT_CONVERSION = YES;
				GCC_WARN_ABOUT_RETURN_TYPE = YES_ERROR;
				GCC_WARN_UNDECLARED_SELECTOR = YES;
				GCC_WARN_UNINITIALIZED_AUTOS = YES_AGGRESSIVE;
				GCC_WARN_UNUSED_FUNCTION = YES;
				GCC_WARN_UNUSED_VARIABLE = YES;
				IPHONEOS_DEPLOYMENT_TARGET = 17.0;
				LOCALIZATION_PREFERS_STRING_CATALOGS = YES;
				MTL_ENABLE_DEBUG_INFO = INCLUDE_SOURCE;
				MTL_FAST_MATH = YES;
				ONLY_ACTIVE_ARCH = YES;
				SDKROOT = iphoneos;
				SWIFT_ACTIVE_COMPILATION_CONDITIONS = "DEBUG $(inherited)";
				SWIFT_OPTIMIZATION_LEVEL = "-Onone";
			};
			name = Debug;
		};
		120F3DFB2A3ABF2D007EAAB0 /* Release */ = {
			isa = XCBuildConfiguration;
			buildSettings = {
				ALWAYS_SEARCH_USER_PATHS = NO;
				ASSETCATALOG_COMPILER_GENERATE_SWIFT_ASSET_SYMBOL_EXTENSIONS = YES;
				CLANG_ANALYZER_NONNULL = YES;
				CLANG_ANALYZER_NUMBER_OBJECT_CONVERSION = YES_AGGRESSIVE;
				CLANG_CXX_LANGUAGE_STANDARD = "gnu++20";
				CLANG_ENABLE_MODULES = YES;
				CLANG_ENABLE_OBJC_ARC = YES;
				CLANG_ENABLE_OBJC_WEAK = YES;
				CLANG_WARN_BLOCK_CAPTURE_AUTORELEASING = YES;
				CLANG_WARN_BOOL_CONVERSION = YES;
				CLANG_WARN_COMMA = YES;
				CLANG_WARN_CONSTANT_CONVERSION = YES;
				CLANG_WARN_DEPRECATED_OBJC_IMPLEMENTATIONS = YES;
				CLANG_WARN_DIRECT_OBJC_ISA_USAGE = YES_ERROR;
				CLANG_WARN_DOCUMENTATION_COMMENTS = YES;
				CLANG_WARN_EMPTY_BODY = YES;
				CLANG_WARN_ENUM_CONVERSION = YES;
				CLANG_WARN_INFINITE_RECURSION = YES;
				CLANG_WARN_INT_CONVERSION = YES;
				CLANG_WARN_NON_LITERAL_NULL_CONVERSION = YES;
				CLANG_WARN_OBJC_IMPLICIT_RETAIN_SELF = YES;
				CLANG_WARN_OBJC_LITERAL_CONVERSION = YES;
				CLANG_WARN_OBJC_ROOT_CLASS = YES_ERROR;
				CLANG_WARN_QUOTED_INCLUDE_IN_FRAMEWORK_HEADER = YES;
				CLANG_WARN_RANGE_LOOP_ANALYSIS = YES;
				CLANG_WARN_STRICT_PROTOTYPES = YES;
				CLANG_WARN_SUSPICIOUS_MOVE = YES;
				CLANG_WARN_UNGUARDED_AVAILABILITY = YES_AGGRESSIVE;
				CLANG_WARN_UNREACHABLE_CODE = YES;
				CLANG_WARN__DUPLICATE_METHOD_MATCH = YES;
				COPY_PHASE_STRIP = NO;
				DEBUG_INFORMATION_FORMAT = "dwarf-with-dsym";
				ENABLE_NS_ASSERTIONS = NO;
				ENABLE_STRICT_OBJC_MSGSEND = YES;
				ENABLE_USER_SCRIPT_SANDBOXING = YES;
				GCC_C_LANGUAGE_STANDARD = gnu17;
				GCC_NO_COMMON_BLOCKS = YES;
				GCC_WARN_64_TO_32_BIT_CONVERSION = YES;
				GCC_WARN_ABOUT_RETURN_TYPE = YES_ERROR;
				GCC_WARN_UNDECLARED_SELECTOR = YES;
				GCC_WARN_UNINITIALIZED_AUTOS = YES_AGGRESSIVE;
				GCC_WARN_UNUSED_FUNCTION = YES;
				GCC_WARN_UNUSED_VARIABLE = YES;
				IPHONEOS_DEPLOYMENT_TARGET = 17.0;
				LOCALIZATION_PREFERS_STRING_CATALOGS = YES;
				MTL_ENABLE_DEBUG_INFO = NO;
				MTL_FAST_MATH = YES;
				SDKROOT = iphoneos;
				SWIFT_COMPILATION_MODE = wholemodule;
				VALIDATE_PRODUCT = YES;
			};
			name = Release;
		};
		120F3DFD2A3ABF2D007EAAB0 /* Debug */ = {
			isa = XCBuildConfiguration;
			buildSettings = {
				ASSETCATALOG_COMPILER_APPICON_NAME = AppIcon;
				ASSETCATALOG_COMPILER_GLOBAL_ACCENT_COLOR_NAME = AccentColor;
				CODE_SIGN_STYLE = Automatic;
				CURRENT_PROJECT_VERSION = 1;
				DEVELOPMENT_ASSET_PATHS = "\"KWDC2023/Preview Content\"";
				ENABLE_PREVIEWS = YES;
				GENERATE_INFOPLIST_FILE = YES;
				INFOPLIST_KEY_UIApplicationSceneManifest_Generation = YES;
				INFOPLIST_KEY_UIApplicationSupportsIndirectInputEvents = YES;
				INFOPLIST_KEY_UILaunchScreen_Generation = YES;
				INFOPLIST_KEY_UISupportedInterfaceOrientations_iPad = "UIInterfaceOrientationPortrait UIInterfaceOrientationPortraitUpsideDown UIInterfaceOrientationLandscapeLeft UIInterfaceOrientationLandscapeRight";
				INFOPLIST_KEY_UISupportedInterfaceOrientations_iPhone = "UIInterfaceOrientationPortrait UIInterfaceOrientationLandscapeLeft UIInterfaceOrientationLandscapeRight";
				LD_RUNPATH_SEARCH_PATHS = (
					"$(inherited)",
					"@executable_path/Frameworks",
				);
				MARKETING_VERSION = 1.0;
				PRODUCT_BUNDLE_IDENTIFIER = com.green.KWDC2023;
				PRODUCT_NAME = "$(TARGET_NAME)";
				SWIFT_EMIT_LOC_STRINGS = YES;
				SWIFT_VERSION = 5.0;
				TARGETED_DEVICE_FAMILY = "1,2";
			};
			name = Debug;
		};
		120F3DFE2A3ABF2D007EAAB0 /* Release */ = {
			isa = XCBuildConfiguration;
			buildSettings = {
				ASSETCATALOG_COMPILER_APPICON_NAME = AppIcon;
				ASSETCATALOG_COMPILER_GLOBAL_ACCENT_COLOR_NAME = AccentColor;
				CODE_SIGN_STYLE = Automatic;
				CURRENT_PROJECT_VERSION = 1;
				DEVELOPMENT_ASSET_PATHS = "\"KWDC2023/Preview Content\"";
				ENABLE_PREVIEWS = YES;
				GENERATE_INFOPLIST_FILE = YES;
				INFOPLIST_KEY_UIApplicationSceneManifest_Generation = YES;
				INFOPLIST_KEY_UIApplicationSupportsIndirectInputEvents = YES;
				INFOPLIST_KEY_UILaunchScreen_Generation = YES;
				INFOPLIST_KEY_UISupportedInterfaceOrientations_iPad = "UIInterfaceOrientationPortrait UIInterfaceOrientationPortraitUpsideDown UIInterfaceOrientationLandscapeLeft UIInterfaceOrientationLandscapeRight";
				INFOPLIST_KEY_UISupportedInterfaceOrientations_iPhone = "UIInterfaceOrientationPortrait UIInterfaceOrientationLandscapeLeft UIInterfaceOrientationLandscapeRight";
				LD_RUNPATH_SEARCH_PATHS = (
					"$(inherited)",
					"@executable_path/Frameworks",
				);
				MARKETING_VERSION = 1.0;
				PRODUCT_BUNDLE_IDENTIFIER = com.green.KWDC2023;
				PRODUCT_NAME = "$(TARGET_NAME)";
				SWIFT_EMIT_LOC_STRINGS = YES;
				SWIFT_VERSION = 5.0;
				TARGETED_DEVICE_FAMILY = "1,2";
			};
			name = Release;
		};
/* End XCBuildConfiguration section */

/* Begin XCConfigurationList section */
		120F3DE92A3ABF2C007EAAB0 /* Build configuration list for PBXProject "KWDC2023" */ = {
			isa = XCConfigurationList;
			buildConfigurations = (
				120F3DFA2A3ABF2D007EAAB0 /* Debug */,
				120F3DFB2A3ABF2D007EAAB0 /* Release */,
			);
			defaultConfigurationIsVisible = 0;
			defaultConfigurationName = Release;
		};
		120F3DFC2A3ABF2D007EAAB0 /* Build configuration list for PBXNativeTarget "KWDC2023" */ = {
			isa = XCConfigurationList;
			buildConfigurations = (
				120F3DFD2A3ABF2D007EAAB0 /* Debug */,
				120F3DFE2A3ABF2D007EAAB0 /* Release */,
			);
			defaultConfigurationIsVisible = 0;
			defaultConfigurationName = Release;
		};
/* End XCConfigurationList section */
	};
	rootObject = 120F3DE62A3ABF2C007EAAB0 /* Project object */;
}
